
Microsoft Visual Studio Solution File, Format Version 12.00
# Visual Studio Version 16
VisualStudioVersion = 16.0.30621.155
MinimumVisualStudioVersion = 10.0.40219.1
Project("{9A19103F-16F7-4668-BE54-9A1E7A4F7556}") = "MAD1Project.Core", "MAD1Project.Core.csproj", "{BC641642-1F9E-4E55-9F0D-70A05BC98A08}"
EndProject
Project("{FAE04EC0-301F-11D3-BF4B-00C04F79EFBC}") = "MAD1Project.WPF", "..\MAD1Project.WPF\MAD1Project.WPF.csproj", "{FC5073A7-8FE9-47F8-82FE-18C626DF12AB}"
EndProject
Global
	GlobalSection(SolutionConfigurationPlatforms) = preSolution
		Debug|Any CPU = Debug|Any CPU
		Release|Any CPU = Release|Any CPU
	EndGlobalSection
	GlobalSection(ProjectConfigurationPlatforms) = postSolution
		{BC641642-1F9E-4E55-9F0D-70A05BC98A08}.Debug|Any CPU.ActiveCfg = Debug|Any CPU
		{BC641642-1F9E-4E55-9F0D-70A05BC98A08}.Debug|Any CPU.Build.0 = Debug|Any CPU
		{BC641642-1F9E-4E55-9F0D-70A05BC98A08}.Release|Any CPU.ActiveCfg = Release|Any CPU
		{BC641642-1F9E-4E55-9F0D-70A05BC98A08}.Release|Any CPU.Build.0 = Release|Any CPU
		{FC5073A7-8FE9-47F8-82FE-18C626DF12AB}.Debug|Any CPU.ActiveCfg = Debug|Any CPU
		{FC5073A7-8FE9-47F8-82FE-18C626DF12AB}.Debug|Any CPU.Build.0 = Debug|Any CPU
		{FC5073A7-8FE9-47F8-82FE-18C626DF12AB}.Release|Any CPU.ActiveCfg = Release|Any CPU
		{FC5073A7-8FE9-47F8-82FE-18C626DF12AB}.Release|Any CPU.Build.0 = Release|Any CPU
	EndGlobalSection
	GlobalSection(SolutionProperties) = preSolution
		HideSolutionNode = FALSE
	EndGlobalSection
	GlobalSection(ExtensibilityGlobals) = postSolution
		SolutionGuid = {AEE31AFC-76B9-403F-91E6-E447B29E24ED}
	EndGlobalSection
EndGlobal
